Microsoft Visual Studio Solution File, Format Version 12.00
# Visual Studio 2012
Project("{FAE04EC0-301F-11D3-BF4B-00C04F79EFBC}") = "Godot-Manager", "Godot-Manager.csproj", "{FA0A7168-3B63-4FBF-A027-56FA1F2756BF}"
EndProject
Global
	GlobalSection(SolutionConfigurationPlatforms) = preSolution
	Debug|Any CPU = Debug|Any CPU
	ExportDebug|Any CPU = ExportDebug|Any CPU
	ExportRelease|Any CPU = ExportRelease|Any CPU
	EndGlobalSection
	GlobalSection(ProjectConfigurationPlatforms) = postSolution
		{FA0A7168-3B63-4FBF-A027-56FA1F2756BF}.Debug|Any CPU.ActiveCfg = Debug|Any CPU
		{FA0A7168-3B63-4FBF-A027-56FA1F2756BF}.Debug|Any CPU.Build.0 = Debug|Any CPU
		{FA0A7168-3B63-4FBF-A027-56FA1F2756BF}.ExportDebug|Any CPU.ActiveCfg = ExportDebug|Any CPU
		{FA0A7168-3B63-4FBF-A027-56FA1F2756BF}.ExportDebug|Any CPU.Build.0 = ExportDebug|Any CPU
		{FA0A7168-3B63-4FBF-A027-56FA1F2756BF}.ExportRelease|Any CPU.ActiveCfg = ExportRelease|Any CPU
		{FA0A7168-3B63-4FBF-A027-56FA1F2756BF}.ExportRelease|Any CPU.Build.0 = ExportRelease|Any CPU
	EndGlobalSection
EndGlobal
